// !$*UTF8*$!
{
	archiveVersion = 1;
	classes = {
	};
	objectVersion = 45;
	objects = {

/* Begin PBXBuildFile section */
		3039F554069744E100B708B8 /* CoreAudio.framework in Frameworks */ = {isa = PBXBuildFile; fileRef = 3039F553069744E100B708B8 /* CoreAudio.framework */; };
		3039F5660697451000B708B8 /* AudioToolbox.framework in Frameworks */ = {isa = PBXBuildFile; fileRef = 3039F5650697451000B708B8 /* AudioToolbox.framework */; };
		304D0466099E8E2E00F4EFFE /* AudioUnit.framework in Frameworks */ = {isa = PBXBuildFile; fileRef = 304D0465099E8E2E00F4EFFE /* AudioUnit.framework */; };
		3060F7FA067EBC270008C431 /* MySweepController.h in Headers */ = {isa = PBXBuildFile; fileRef = 3060F7F8067EBC270008C431 /* MySweepController.h */; };
		3060F7FB067EBC270008C431 /* MySweepController.m in Sources */ = {isa = PBXBuildFile; fileRef = 3060F7F9067EBC270008C431 /* MySweepController.m */; };
		30DB733B068E6EE000A1115E /* SinePlayer.h in Headers */ = {isa = PBXBuildFile; fileRef = 30DB7339068E6EE000A1115E /* SinePlayer.h */; };
		30DB733C068E6EE000A1115E /* SinePlayer.m in Sources */ = {isa = PBXBuildFile; fileRef = 30DB733A068E6EE000A1115E /* SinePlayer.m */; };
		8D1107280486CEB800E47090 /* SineSweeper_Prefix.pch in Headers */ = {isa = PBXBuildFile; fileRef = 32CA4F630368D1EE00C91783 /* SineSweeper_Prefix.pch */; };
		8D11072A0486CEB800E47090 /* MainMenu.nib in Resources */ = {isa = PBXBuildFile; fileRef = 29B97318FDCFA39411CA2CEA /* MainMenu.nib */; };
		8D11072B0486CEB800E47090 /* InfoPlist.strings in Resources */ = {isa = PBXBuildFile; fileRef = 089C165CFE840E0CC02AAC07 /* InfoPlist.strings */; };
		8D11072D0486CEB800E47090 /* main.m in Sources */ = {isa = PBXBuildFile; fileRef = 29B97316FDCFA39411CA2CEA /* main.m */; settings = {ATTRIBUTES = (); }; };
		8D11072F0486CEB800E47090 /* Cocoa.framework in Frameworks */ = {isa = PBXBuildFile; fileRef = 1058C7A1FEA54F0111CA2CBB /* Cocoa.framework */; };
		E73D7CFE0C28F3C5001EB048 /* TrianglePlayer.h in Headers */ = {isa = PBXBuildFile; fileRef = E73D7CFC0C28F3C5001EB048 /* TrianglePlayer.h */; };
		E73D7CFF0C28F3C5001EB048 /* TrianglePlayer.m in Sources */ = {isa = PBXBuildFile; fileRef = E73D7CFD0C28F3C5001EB048 /* TrianglePlayer.m */; };
		E76BA65A0C0E8E17006750EF /* WavePlayer.h in Headers */ = {isa = PBXBuildFile; fileRef = E76BA6580C0E8E17006750EF /* WavePlayer.h */; };
		E76BA65B0C0E8E17006750EF /* WavePlayer.m in Sources */ = {isa = PBXBuildFile; fileRef = E76BA6590C0E8E17006750EF /* WavePlayer.m */; };
		E76BA6AF0C0E9811006750EF /* SawPlayer.h in Headers */ = {isa = PBXBuildFile; fileRef = E76BA6AD0C0E9811006750EF /* SawPlayer.h */; };
		E76BA6B00C0E9811006750EF /* SawPlayer.m in Sources */ = {isa = PBXBuildFile; fileRef = E76BA6AE0C0E9811006750EF /* SawPlayer.m */; };
		E7A0BD5E254FD3A100C86F26 /* TwoDimensionalControl.framework in Frameworks */ = {isa = PBXBuildFile; fileRef = E7A0BD5D254FD3A100C86F26 /* TwoDimensionalControl.framework */; };
		E7D29E300C13C0B00003DFF6 /* PulsePlayer.h in Headers */ = {isa = PBXBuildFile; fileRef = E7D29E2E0C13C0B00003DFF6 /* PulsePlayer.h */; };
		E7D29E310C13C0B00003DFF6 /* PulsePlayer.m in Sources */ = {isa = PBXBuildFile; fileRef = E7D29E2F0C13C0B00003DFF6 /* PulsePlayer.m */; };
/* End PBXBuildFile section */

/* Begin PBXCopyFilesBuildPhase section */
		3002FB0D06C5DE36000812B7 /* CopyFiles */ = {
			isa = PBXCopyFilesBuildPhase;
			buildActionMask = 2147483647;
			dstPath = "";
			dstSubfolderSpec = 10;
			files = (
			);
			runOnlyForDeploymentPostprocessing = 0;
		};
/* End PBXCopyFilesBuildPhase section */

/* Begin PBXFileReference section */
		089C165DFE840E0CC02AAC07 /* English */ = {isa = PBXFileReference; fileEncoding = 10; lastKnownFileType = text.plist.strings; name = English; path = English.lproj/InfoPlist.strings; sourceTree = "<group>"; };
		1058C7A1FEA54F0111CA2CBB /* Cocoa.framework */ = {isa = PBXFileReference; lastKnownFileType = wrapper.framework; name = Cocoa.framework; path = /System/Library/Frameworks/Cocoa.framework; sourceTree = "<absolute>"; };
		29B97316FDCFA39411CA2CEA /* main.m */ = {isa = PBXFileReference; fileEncoding = 30; lastKnownFileType = sourcecode.c.objc; path = main.m; sourceTree = "<group>"; };
		29B97319FDCFA39411CA2CEA /* English */ = {isa = PBXFileReference; lastKnownFileType = wrapper.nib; name = English; path = English.lproj/MainMenu.nib; sourceTree = "<group>"; };
		29B97324FDCFA39411CA2CEA /* AppKit.framework */ = {isa = PBXFileReference; lastKnownFileType = wrapper.framework; name = AppKit.framework; path = /System/Library/Frameworks/AppKit.framework; sourceTree = "<absolute>"; };
		29B97325FDCFA39411CA2CEA /* Foundation.framework */ = {isa = PBXFileReference; lastKnownFileType = wrapper.framework; name = Foundation.framework; path = /System/Library/Frameworks/Foundation.framework; sourceTree = "<absolute>"; };
		3039F553069744E100B708B8 /* CoreAudio.framework */ = {isa = PBXFileReference; lastKnownFileType = wrapper.framework; name = CoreAudio.framework; path = /System/Library/Frameworks/CoreAudio.framework; sourceTree = "<absolute>"; };
		3039F5650697451000B708B8 /* AudioToolbox.framework */ = {isa = PBXFileReference; lastKnownFileType = wrapper.framework; name = AudioToolbox.framework; path = /System/Library/Frameworks/AudioToolbox.framework; sourceTree = "<absolute>"; };
		304D0465099E8E2E00F4EFFE /* AudioUnit.framework */ = {isa = PBXFileReference; lastKnownFileType = wrapper.framework; name = AudioUnit.framework; path = /System/Library/Frameworks/AudioUnit.framework; sourceTree = "<absolute>"; };
		3060F7F8067EBC270008C431 /* MySweepController.h */ = {isa = PBXFileReference; fileEncoding = 30; lastKnownFileType = sourcecode.c.h; path = MySweepController.h; sourceTree = "<group>"; };
		3060F7F9067EBC270008C431 /* MySweepController.m */ = {isa = PBXFileReference; fileEncoding = 30; lastKnownFileType = sourcecode.c.objc; path = MySweepController.m; sourceTree = "<group>"; };
		3078873F0A156C8E008F1F83 /* SineSweeperUnit-Info.plist */ = {isa = PBXFileReference; lastKnownFileType = text.plist.xml; path = "SineSweeperUnit-Info.plist"; sourceTree = "<group>"; };
		30DB7339068E6EE000A1115E /* SinePlayer.h */ = {isa = PBXFileReference; fileEncoding = 30; lastKnownFileType = sourcecode.c.h; name = SinePlayer.h; path = WavePlayer/SinePlayer.h; sourceTree = "<group>"; };
		30DB733A068E6EE000A1115E /* SinePlayer.m */ = {isa = PBXFileReference; fileEncoding = 30; lastKnownFileType = sourcecode.c.objc; name = SinePlayer.m; path = WavePlayer/SinePlayer.m; sourceTree = "<group>"; };
		32CA4F630368D1EE00C91783 /* SineSweeper_Prefix.pch */ = {isa = PBXFileReference; fileEncoding = 4; lastKnownFileType = sourcecode.c.h; path = SineSweeper_Prefix.pch; sourceTree = "<group>"; };
		8D1107310486CEB800E47090 /* Info.plist */ = {isa = PBXFileReference; fileEncoding = 4; lastKnownFileType = text.plist; path = Info.plist; sourceTree = "<group>"; };
		8D1107320486CEB800E47090 /* SineSweeper.app */ = {isa = PBXFileReference; explicitFileType = wrapper.application; includeInIndex = 0; path = SineSweeper.app; sourceTree = BUILT_PRODUCTS_DIR; };
		E73D7CFC0C28F3C5001EB048 /* TrianglePlayer.h */ = {isa = PBXFileReference; fileEncoding = 4; lastKnownFileType = sourcecode.c.h; path = TrianglePlayer.h; sourceTree = "<group>"; };
		E73D7CFD0C28F3C5001EB048 /* TrianglePlayer.m */ = {isa = PBXFileReference; fileEncoding = 4; lastKnownFileType = sourcecode.c.objc; path = TrianglePlayer.m; sourceTree = "<group>"; };
		E76BA6580C0E8E17006750EF /* WavePlayer.h */ = {isa = PBXFileReference; fileEncoding = 4; lastKnownFileType = sourcecode.c.h; path = WavePlayer.h; sourceTree = "<group>"; };
		E76BA6590C0E8E17006750EF /* WavePlayer.m */ = {isa = PBXFileReference; fileEncoding = 4; lastKnownFileType = sourcecode.c.objc; path = WavePlayer.m; sourceTree = "<group>"; };
		E76BA6AD0C0E9811006750EF /* SawPlayer.h */ = {isa = PBXFileReference; fileEncoding = 4; lastKnownFileType = sourcecode.c.h; path = SawPlayer.h; sourceTree = "<group>"; };
		E76BA6AE0C0E9811006750EF /* SawPlayer.m */ = {isa = PBXFileReference; fileEncoding = 4; lastKnownFileType = sourcecode.c.objc; path = SawPlayer.m; sourceTree = "<group>"; };
		E7A0BD5D254FD3A100C86F26 /* TwoDimensionalControl.framework */ = {isa = PBXFileReference; explicitFileType = wrapper.framework; path = TwoDimensionalControl.framework; sourceTree = BUILT_PRODUCTS_DIR; };
		E7D29E2E0C13C0B00003DFF6 /* PulsePlayer.h */ = {isa = PBXFileReference; fileEncoding = 4; lastKnownFileType = sourcecode.c.h; path = PulsePlayer.h; sourceTree = "<group>"; };
		E7D29E2F0C13C0B00003DFF6 /* PulsePlayer.m */ = {isa = PBXFileReference; fileEncoding = 4; lastKnownFileType = sourcecode.c.objc; path = PulsePlayer.m; sourceTree = "<group>"; };
/* End PBXFileReference section */

/* Begin PBXFrameworksBuildPhase section */
		8D11072E0486CEB800E47090 /* Frameworks */ = {
			isa = PBXFrameworksBuildPhase;
			buildActionMask = 2147483647;
			files = (
				E7A0BD5E254FD3A100C86F26 /* TwoDimensionalControl.framework in Frameworks */,
				8D11072F0486CEB800E47090 /* Cocoa.framework in Frameworks */,
				3039F554069744E100B708B8 /* CoreAudio.framework in Frameworks */,
				3039F5660697451000B708B8 /* AudioToolbox.framework in Frameworks */,
				304D0466099E8E2E00F4EFFE /* AudioUnit.framework in Frameworks */,
			);
			runOnlyForDeploymentPostprocessing = 0;
		};
/* End PBXFrameworksBuildPhase section */

/* Begin PBXGroup section */
		1058C7A0FEA54F0111CA2CBB /* Linked Frameworks */ = {
			isa = PBXGroup;
			children = (
			);
			name = "Linked Frameworks";
			sourceTree = "<group>";
		};
		1058C7A2FEA54F0111CA2CBB /* Other Frameworks */ = {
			isa = PBXGroup;
			children = (
				304D0465099E8E2E00F4EFFE /* AudioUnit.framework */,
				1058C7A1FEA54F0111CA2CBB /* Cocoa.framework */,
				3039F553069744E100B708B8 /* CoreAudio.framework */,
				3039F5650697451000B708B8 /* AudioToolbox.framework */,
				29B97325FDCFA39411CA2CEA /* Foundation.framework */,
				29B97324FDCFA39411CA2CEA /* AppKit.framework */,
			);
			name = "Other Frameworks";
			sourceTree = "<group>";
		};
		19C28FACFE9D520D11CA2CBB /* Products */ = {
			isa = PBXGroup;
			children = (
				8D1107320486CEB800E47090 /* SineSweeper.app */,
			);
			name = Products;
			sourceTree = "<group>";
		};
		29B97314FDCFA39411CA2CEA /* SineSweeper */ = {
			isa = PBXGroup;
			children = (
				E76BA6570C0E8DF2006750EF /* WavePlayer */,
				3060F828067EBE0F0008C431 /* SweepController */,
				29B97315FDCFA39411CA2CEA /* Other Sources */,
				29B97317FDCFA39411CA2CEA /* Resources */,
				29B97323FDCFA39411CA2CEA /* Frameworks */,
				19C28FACFE9D520D11CA2CBB /* Products */,
				3078873F0A156C8E008F1F83 /* SineSweeperUnit-Info.plist */,
			);
			name = SineSweeper;
			sourceTree = "<group>";
		};
		29B97315FDCFA39411CA2CEA /* Other Sources */ = {
			isa = PBXGroup;
			children = (
				32CA4F630368D1EE00C91783 /* SineSweeper_Prefix.pch */,
				29B97316FDCFA39411CA2CEA /* main.m */,
			);
			name = "Other Sources";
			sourceTree = "<group>";
		};
		29B97317FDCFA39411CA2CEA /* Resources */ = {
			isa = PBXGroup;
			children = (
				8D1107310486CEB800E47090 /* Info.plist */,
				089C165CFE840E0CC02AAC07 /* InfoPlist.strings */,
				29B97318FDCFA39411CA2CEA /* MainMenu.nib */,
			);
			name = Resources;
			sourceTree = "<group>";
		};
		29B97323FDCFA39411CA2CEA /* Frameworks */ = {
			isa = PBXGroup;
			children = (
				E7A0BD5D254FD3A100C86F26 /* TwoDimensionalControl.framework */,
				1058C7A0FEA54F0111CA2CBB /* Linked Frameworks */,
				1058C7A2FEA54F0111CA2CBB /* Other Frameworks */,
			);
			name = Frameworks;
			sourceTree = "<group>";
		};
		3060F828067EBE0F0008C431 /* SweepController */ = {
			isa = PBXGroup;
			children = (
				3060F7F8067EBC270008C431 /* MySweepController.h */,
				3060F7F9067EBC270008C431 /* MySweepController.m */,
			);
			name = SweepController;
			sourceTree = "<group>";
		};
		30DB7336068E6EC700A1115E /* SinePlayer */ = {
			isa = PBXGroup;
			children = (
				30DB7339068E6EE000A1115E /* SinePlayer.h */,
				30DB733A068E6EE000A1115E /* SinePlayer.m */,
			);
			name = SinePlayer;
			path = ..;
			sourceTree = "<group>";
		};
		E73D7CF90C28F366001EB048 /* TrianglePlayer */ = {
			isa = PBXGroup;
			children = (
				E73D7CFC0C28F3C5001EB048 /* TrianglePlayer.h */,
				E73D7CFD0C28F3C5001EB048 /* TrianglePlayer.m */,
			);
			name = TrianglePlayer;
			sourceTree = "<group>";
		};
		E76BA6570C0E8DF2006750EF /* WavePlayer */ = {
			isa = PBXGroup;
			children = (
				E76BA6580C0E8E17006750EF /* WavePlayer.h */,
				E76BA6590C0E8E17006750EF /* WavePlayer.m */,
				E73D7CF90C28F366001EB048 /* TrianglePlayer */,
				E7D29E2D0C13C0750003DFF6 /* PulsePlayer */,
				30DB7336068E6EC700A1115E /* SinePlayer */,
				E76BA6A80C0E94EA006750EF /* SawPlayer */,
			);
			path = WavePlayer;
			sourceTree = "<group>";
		};
		E76BA6A80C0E94EA006750EF /* SawPlayer */ = {
			isa = PBXGroup;
			children = (
				E76BA6AD0C0E9811006750EF /* SawPlayer.h */,
				E76BA6AE0C0E9811006750EF /* SawPlayer.m */,
			);
			name = SawPlayer;
			sourceTree = "<group>";
		};
		E7D29E2D0C13C0750003DFF6 /* PulsePlayer */ = {
			isa = PBXGroup;
			children = (
				E7D29E2E0C13C0B00003DFF6 /* PulsePlayer.h */,
				E7D29E2F0C13C0B00003DFF6 /* PulsePlayer.m */,
			);
			name = PulsePlayer;
			sourceTree = "<group>";
		};
/* End PBXGroup section */

/* Begin PBXHeadersBuildPhase section */
		8D1107270486CEB800E47090 /* Headers */ = {
			isa = PBXHeadersBuildPhase;
			buildActionMask = 2147483647;
			files = (
				8D1107280486CEB800E47090 /* SineSweeper_Prefix.pch in Headers */,
				3060F7FA067EBC270008C431 /* MySweepController.h in Headers */,
				30DB733B068E6EE000A1115E /* SinePlayer.h in Headers */,
				E76BA65A0C0E8E17006750EF /* WavePlayer.h in Headers */,
				E76BA6AF0C0E9811006750EF /* SawPlayer.h in Headers */,
				E7D29E300C13C0B00003DFF6 /* PulsePlayer.h in Headers */,
				E73D7CFE0C28F3C5001EB048 /* TrianglePlayer.h in Headers */,
			);
			runOnlyForDeploymentPostprocessing = 0;
		};
/* End PBXHeadersBuildPhase section */

/* Begin PBXNativeTarget section */
		8D1107260486CEB800E47090 /* SineSweeper */ = {
			isa = PBXNativeTarget;
			buildConfigurationList = 3096578309573B21007AFAD9 /* Build configuration list for PBXNativeTarget "SineSweeper" */;
			buildPhases = (
				3002FB0D06C5DE36000812B7 /* CopyFiles */,
				8D1107270486CEB800E47090 /* Headers */,
				8D1107290486CEB800E47090 /* Resources */,
				8D11072C0486CEB800E47090 /* Sources */,
				8D11072E0486CEB800E47090 /* Frameworks */,
			);
			buildRules = (
			);
			dependencies = (
			);
			name = SineSweeper;
			productInstallPath = "$(HOME)/Applications";
			productName = SineSweeper;
			productReference = 8D1107320486CEB800E47090 /* SineSweeper.app */;
			productType = "com.apple.product-type.application";
		};
/* End PBXNativeTarget section */

/* Begin PBXProject section */
		29B97313FDCFA39411CA2CEA /* Project object */ = {
			isa = PBXProject;
			attributes = {
				LastUpgradeCheck = 1220;
			};
			buildConfigurationList = 3096578709573B21007AFAD9 /* Build configuration list for PBXProject "SineSweeper" */;
			compatibilityVersion = "Xcode 2.4";
			developmentRegion = en;
			hasScannedForEncodings = 1;
			knownRegions = (
				en,
				English,
			);
			mainGroup = 29B97314FDCFA39411CA2CEA /* SineSweeper */;
			projectDirPath = "";
			projectRoot = "";
			targets = (
				8D1107260486CEB800E47090 /* SineSweeper */,
			);
		};
/* End PBXProject section */

/* Begin PBXResourcesBuildPhase section */
		8D1107290486CEB800E47090 /* Resources */ = {
			isa = PBXResourcesBuildPhase;
			buildActionMask = 2147483647;
			files = (
				8D11072A0486CEB800E47090 /* MainMenu.nib in Resources */,
				8D11072B0486CEB800E47090 /* InfoPlist.strings in Resources */,
			);
			runOnlyForDeploymentPostprocessing = 0;
		};
/* End PBXResourcesBuildPhase section */

/* Begin PBXSourcesBuildPhase section */
		8D11072C0486CEB800E47090 /* Sources */ = {
			isa = PBXSourcesBuildPhase;
			buildActionMask = 2147483647;
			files = (
				8D11072D0486CEB800E47090 /* main.m in Sources */,
				3060F7FB067EBC270008C431 /* MySweepController.m in Sources */,
				30DB733C068E6EE000A1115E /* SinePlayer.m in Sources */,
				E76BA65B0C0E8E17006750EF /* WavePlayer.m in Sources */,
				E76BA6B00C0E9811006750EF /* SawPlayer.m in Sources */,
				E7D29E310C13C0B00003DFF6 /* PulsePlayer.m in Sources */,
				E73D7CFF0C28F3C5001EB048 /* TrianglePlayer.m in Sources */,
			);
			runOnlyForDeploymentPostprocessing = 0;
		};
/* End PBXSourcesBuildPhase section */

/* Begin PBXVariantGroup section */
		089C165CFE840E0CC02AAC07 /* InfoPlist.strings */ = {
			isa = PBXVariantGroup;
			children = (
				089C165DFE840E0CC02AAC07 /* English */,
			);
			name = InfoPlist.strings;
			sourceTree = "<group>";
		};
		29B97318FDCFA39411CA2CEA /* MainMenu.nib */ = {
			isa = PBXVariantGroup;
			children = (
				29B97319FDCFA39411CA2CEA /* English */,
			);
			name = MainMenu.nib;
			sourceTree = "<group>";
		};
/* End PBXVariantGroup section */

/* Begin XCBuildConfiguration section */
		3096578409573B21007AFAD9 /* Development */ = {
			isa = XCBuildConfiguration;
			buildSettings = {
				CLANG_ENABLE_OBJC_WEAK = YES;
				CODE_SIGN_IDENTITY = "-";
				COPY_PHASE_STRIP = NO;
				DEBUGGING_SYMBOLS = YES;
				FRAMEWORK_SEARCH_PATHS = "$(FRAMEWORK_SEARCH_PATHS)";
				FRAMEWORK_SEARCH_PATHS_QUOTED_FOR_TARGET_1 = "\"$(SRCROOT)/../TwoDimensionalControl/build/Development\"";
				GCC_DYNAMIC_NO_PIC = NO;
				GCC_ENABLE_TRIGRAPHS = NO;
				GCC_GENERATE_DEBUGGING_SYMBOLS = YES;
				GCC_OPTIMIZATION_LEVEL = 0;
				GCC_PRECOMPILE_PREFIX_HEADER = YES;
				GCC_PREFIX_HEADER = SineSweeper_Prefix.pch;
				GCC_WARN_ABOUT_MISSING_PROTOTYPES = NO;
				GCC_WARN_FOUR_CHARACTER_CONSTANTS = NO;
				GCC_WARN_UNKNOWN_PRAGMAS = NO;
				HEADER_SEARCH_PATHS = "";
				INFOPLIST_FILE = Info.plist;
				INSTALL_PATH = "$(HOME)/Applications";
				LIBRARY_SEARCH_PATHS = "";
				OTHER_CFLAGS = "";
				OTHER_LDFLAGS = "";
				PRODUCT_BUNDLE_IDENTIFIER = com.apple.myCocoaApp;
				PRODUCT_NAME = SineSweeper;
				SDKROOT = "$(SDKROOT)";
				SECTORDER_FLAGS = "";
				WARNING_CFLAGS = (
					"-Wmost",
					"-Wno-four-char-constants",
					"-Wno-unknown-pragmas",
				);
				WRAPPER_EXTENSION = app;
				ZERO_LINK = YES;
			};
			name = Development;
		};
		3096578509573B21007AFAD9 /* Deployment */ = {
			isa = XCBuildConfiguration;
			buildSettings = {
				CLANG_ENABLE_OBJC_WEAK = YES;
				CODE_SIGN_IDENTITY = "-";
				COPY_PHASE_STRIP = YES;
				FRAMEWORK_SEARCH_PATHS = "$(FRAMEWORK_SEARCH_PATHS)";
				FRAMEWORK_SEARCH_PATHS_QUOTED_FOR_TARGET_1 = "\"$(SRCROOT)/../TwoDimensionalControl/build/Development\"";
				GCC_ENABLE_TRIGRAPHS = NO;
				GCC_GENERATE_DEBUGGING_SYMBOLS = NO;
				GCC_PRECOMPILE_PREFIX_HEADER = YES;
				GCC_PREFIX_HEADER = SineSweeper_Prefix.pch;
				GCC_WARN_ABOUT_MISSING_PROTOTYPES = NO;
				GCC_WARN_FOUR_CHARACTER_CONSTANTS = NO;
				GCC_WARN_UNKNOWN_PRAGMAS = NO;
				HEADER_SEARCH_PATHS = "";
				INFOPLIST_FILE = Info.plist;
				INSTALL_PATH = "$(HOME)/Applications";
				LIBRARY_SEARCH_PATHS = "";
				OTHER_CFLAGS = "";
				OTHER_LDFLAGS = "";
				PRODUCT_BUNDLE_IDENTIFIER = com.apple.myCocoaApp;
				PRODUCT_NAME = SineSweeper;
				SDKROOT = "$(SDKROOT)";
				SECTORDER_FLAGS = "";
				WARNING_CFLAGS = (
					"-Wmost",
					"-Wno-four-char-constants",
					"-Wno-unknown-pragmas",
				);
				WRAPPER_EXTENSION = app;
				ZERO_LINK = NO;
			};
			name = Deployment;
		};
		3096578609573B21007AFAD9 /* Default */ = {
			isa = XCBuildConfiguration;
			buildSettings = {
				CLANG_ENABLE_OBJC_WEAK = YES;
				CODE_SIGN_IDENTITY = "-";
				FRAMEWORK_SEARCH_PATHS = "$(FRAMEWORK_SEARCH_PATHS)";
				FRAMEWORK_SEARCH_PATHS_QUOTED_FOR_TARGET_1 = "\"$(SRCROOT)/../TwoDimensionalControl/build/Development\"";
				GCC_ENABLE_TRIGRAPHS = NO;
				GCC_GENERATE_DEBUGGING_SYMBOLS = NO;
				GCC_PRECOMPILE_PREFIX_HEADER = YES;
				GCC_PREFIX_HEADER = SineSweeper_Prefix.pch;
				GCC_WARN_ABOUT_MISSING_PROTOTYPES = NO;
				GCC_WARN_FOUR_CHARACTER_CONSTANTS = NO;
				GCC_WARN_UNKNOWN_PRAGMAS = NO;
				HEADER_SEARCH_PATHS = "";
				INFOPLIST_FILE = Info.plist;
				INSTALL_PATH = "$(HOME)/Applications";
				LIBRARY_SEARCH_PATHS = "";
				OTHER_CFLAGS = "";
				OTHER_LDFLAGS = "";
				PRODUCT_BUNDLE_IDENTIFIER = com.apple.myCocoaApp;
				PRODUCT_NAME = SineSweeper;
				SDKROOT = "$(SDKROOT)";
				SECTORDER_FLAGS = "";
				WARNING_CFLAGS = (
					"-Wmost",
					"-Wno-four-char-constants",
					"-Wno-unknown-pragmas",
				);
				WRAPPER_EXTENSION = app;
			};
			name = Default;
		};
		3096578809573B21007AFAD9 /* Development */ = {
			isa = XCBuildConfiguration;
			buildSettings = {
				CLANG_ANALYZER_LOCALIZABILITY_NONLOCALIZED = YES;
				CLANG_WARN_BLOCK_CAPTURE_AUTORELEASING = YES;
				CLANG_WARN_BOOL_CONVERSION = YES;
				CLANG_WARN_COMMA = YES;
				CLANG_WARN_CONSTANT_CONVERSION = YES;
				CLANG_WARN_DEPRECATED_OBJC_IMPLEMENTATIONS = YES;
				CLANG_WARN_EMPTY_BODY = YES;
				CLANG_WARN_ENUM_CONVERSION = YES;
				CLANG_WARN_INFINITE_RECURSION = YES;
				CLANG_WARN_INT_CONVERSION = YES;
				CLANG_WARN_NON_LITERAL_NULL_CONVERSION = YES;
				CLANG_WARN_OBJC_IMPLICIT_RETAIN_SELF = YES;
				CLANG_WARN_OBJC_LITERAL_CONVERSION = YES;
				CLANG_WARN_QUOTED_INCLUDE_IN_FRAMEWORK_HEADER = YES;
				CLANG_WARN_RANGE_LOOP_ANALYSIS = YES;
				CLANG_WARN_STRICT_PROTOTYPES = YES;
				CLANG_WARN_SUSPICIOUS_MOVE = YES;
				CLANG_WARN_UNREACHABLE_CODE = YES;
				CLANG_WARN__DUPLICATE_METHOD_MATCH = YES;
				ENABLE_STRICT_OBJC_MSGSEND = YES;
				ENABLE_TESTABILITY = YES;
				FRAMEWORK_SEARCH_PATHS = "$(PROJECT_DIR)/../TwoDimensionalControl/build/Development";
				GCC_NO_COMMON_BLOCKS = YES;
				GCC_WARN_64_TO_32_BIT_CONVERSION = YES;
				GCC_WARN_ABOUT_RETURN_TYPE = YES;
				GCC_WARN_UNDECLARED_SELECTOR = YES;
				GCC_WARN_UNINITIALIZED_AUTOS = YES;
				GCC_WARN_UNUSED_FUNCTION = YES;
				GCC_WARN_UNUSED_VARIABLE = YES;
				ONLY_ACTIVE_ARCH = YES;
			};
			name = Development;
		};
		3096578909573B21007AFAD9 /* Deployment */ = {
			isa = XCBuildConfiguration;
			buildSettings = {
				CLANG_ANALYZER_LOCALIZABILITY_NONLOCALIZED = YES;
				CLANG_WARN_BLOCK_CAPTURE_AUTORELEASING = YES;
				CLANG_WARN_BOOL_CONVERSION = YES;
				CLANG_WARN_COMMA = YES;
				CLANG_WARN_CONSTANT_CONVERSION = YES;
				CLANG_WARN_DEPRECATED_OBJC_IMPLEMENTATIONS = YES;
				CLANG_WARN_EMPTY_BODY = YES;
				CLANG_WARN_ENUM_CONVERSION = YES;
				CLANG_WARN_INFINITE_RECURSION = YES;
				CLANG_WARN_INT_CONVERSION = YES;
				CLANG_WARN_NON_LITERAL_NULL_CONVERSION = YES;
				CLANG_WARN_OBJC_IMPLICIT_RETAIN_SELF = YES;
				CLANG_WARN_OBJC_LITERAL_CONVERSION = YES;
				CLANG_WARN_QUOTED_INCLUDE_IN_FRAMEWORK_HEADER = YES;
				CLANG_WARN_RANGE_LOOP_ANALYSIS = YES;
				CLANG_WARN_STRICT_PROTOTYPES = YES;
				CLANG_WARN_SUSPICIOUS_MOVE = YES;
				CLANG_WARN_UNREACHABLE_CODE = YES;
				CLANG_WARN__DUPLICATE_METHOD_MATCH = YES;
				ENABLE_STRICT_OBJC_MSGSEND = YES;
				FRAMEWORK_SEARCH_PATHS = "$(PROJECT_DIR)/../TwoDimensionalControl/build/Development";
				GCC_NO_COMMON_BLOCKS = YES;
				GCC_WARN_64_TO_32_BIT_CONVERSION = YES;
				GCC_WARN_ABOUT_RETURN_TYPE = YES;
				GCC_WARN_UNDECLARED_SELECTOR = YES;
				GCC_WARN_UNINITIALIZED_AUTOS = YES;
				GCC_WARN_UNUSED_FUNCTION = YES;
				GCC_WARN_UNUSED_VARIABLE = YES;
			};
			name = Deployment;
		};
		3096578A09573B21007AFAD9 /* Default */ = {
			isa = XCBuildConfiguration;
			buildSettings = {
				CLANG_ANALYZER_LOCALIZABILITY_NONLOCALIZED = YES;
				CLANG_WARN_BLOCK_CAPTURE_AUTORELEASING = YES;
				CLANG_WARN_BOOL_CONVERSION = YES;
				CLANG_WARN_COMMA = YES;
				CLANG_WARN_CONSTANT_CONVERSION = YES;
				CLANG_WARN_DEPRECATED_OBJC_IMPLEMENTATIONS = YES;
				CLANG_WARN_EMPTY_BODY = YES;
				CLANG_WARN_ENUM_CONVERSION = YES;
				CLANG_WARN_INFINITE_RECURSION = YES;
				CLANG_WARN_INT_CONVERSION = YES;
				CLANG_WARN_NON_LITERAL_NULL_CONVERSION = YES;
				CLANG_WARN_OBJC_IMPLICIT_RETAIN_SELF = YES;
				CLANG_WARN_OBJC_LITERAL_CONVERSION = YES;
				CLANG_WARN_QUOTED_INCLUDE_IN_FRAMEWORK_HEADER = YES;
				CLANG_WARN_RANGE_LOOP_ANALYSIS = YES;
				CLANG_WARN_STRICT_PROTOTYPES = YES;
				CLANG_WARN_SUSPICIOUS_MOVE = YES;
				CLANG_WARN_UNREACHABLE_CODE = YES;
				CLANG_WARN__DUPLICATE_METHOD_MATCH = YES;
				ENABLE_STRICT_OBJC_MSGSEND = YES;
				FRAMEWORK_SEARCH_PATHS = "$(PROJECT_DIR)/../TwoDimensionalControl/build/Development";
				GCC_NO_COMMON_BLOCKS = YES;
				GCC_WARN_64_TO_32_BIT_CONVERSION = YES;
				GCC_WARN_ABOUT_RETURN_TYPE = YES;
				GCC_WARN_UNDECLARED_SELECTOR = YES;
				GCC_WARN_UNINITIALIZED_AUTOS = YES;
				GCC_WARN_UNUSED_FUNCTION = YES;
				GCC_WARN_UNUSED_VARIABLE = YES;
			};
			name = Default;
		};
/* End XCBuildConfiguration section */

/* Begin XCConfigurationList section */
		3096578309573B21007AFAD9 /* Build configuration list for PBXNativeTarget "SineSweeper" */ = {
			isa = XCConfigurationList;
			buildConfigurations = (
				3096578409573B21007AFAD9 /* Development */,
				3096578509573B21007AFAD9 /* Deployment */,
				3096578609573B21007AFAD9 /* Default */,
			);
			defaultConfigurationIsVisible = 0;
			defaultConfigurationName = Default;
		};
		3096578709573B21007AFAD9 /* Build configuration list for PBXProject "SineSweeper" */ = {
			isa = XCConfigurationList;
			buildConfigurations = (
				3096578809573B21007AFAD9 /* Development */,
				3096578909573B21007AFAD9 /* Deployment */,
				3096578A09573B21007AFAD9 /* Default */,
			);
			defaultConfigurationIsVisible = 0;
			defaultConfigurationName = Default;
		};
/* End XCConfigurationList section */
	};
	rootObject = 29B97313FDCFA39411CA2CEA /* Project object */;
}
